// !$*UTF8*$!
{
	archiveVersion = 1;
	classes = {
	};
	objectVersion = 46;
	objects = {

/* Begin PBXBuildFile section */
		028BB16B1C81928200A88B60 /* User+CoreDataProperties.m in Sources */ = {isa = PBXBuildFile; fileRef = 028BB15E1C81928200A88B60 /* User+CoreDataProperties.m */; };
		028BB16C1C81928200A88B60 /* User.m in Sources */ = {isa = PBXBuildFile; fileRef = 028BB1601C81928200A88B60 /* User.m */; };
		028BB1751C81981A00A88B60 /* Symptom+CoreDataProperties.m in Sources */ = {isa = PBXBuildFile; fileRef = 028BB1721C81981A00A88B60 /* Symptom+CoreDataProperties.m */; };
		028BB1761C81981A00A88B60 /* Symptom.m in Sources */ = {isa = PBXBuildFile; fileRef = 028BB1741C81981A00A88B60 /* Symptom.m */; };
		028BB17A1C81D9CB00A88B60 /* RequestManager.m in Sources */ = {isa = PBXBuildFile; fileRef = 028BB1791C81D9CB00A88B60 /* RequestManager.m */; };
		028BB17D1C81DA8200A88B60 /* DLRequestManager.m in Sources */ = {isa = PBXBuildFile; fileRef = 028BB17C1C81DA8200A88B60 /* DLRequestManager.m */; };
		02F8A2D11C81769300B0062E /* DiagnosticLabManager.m in Sources */ = {isa = PBXBuildFile; fileRef = 02F8A2D01C81769300B0062E /* DiagnosticLabManager.m */; };
		02F8A2D41C81794800B0062E /* DiagnosticLab.xcdatamodeld in Sources */ = {isa = PBXBuildFile; fileRef = 02F8A2D21C81794800B0062E /* DiagnosticLab.xcdatamodeld */; };
		02F8A2E61C8183D300B0062E /* DiagnosticLab.xcdatamodeld in Sources */ = {isa = PBXBuildFile; fileRef = 02F8A2D21C81794800B0062E /* DiagnosticLab.xcdatamodeld */; };
		5961663BE82890733B20290E /* libPods-DiagnosisTests.a in Frameworks */ = {isa = PBXBuildFile; fileRef = 4FDD00DB31FCF542F9BCEBE5 /* libPods-DiagnosisTests.a */; };
		6433E36D1C816D68003C9A4F /* main.m in Sources */ = {isa = PBXBuildFile; fileRef = 6433E36C1C816D68003C9A4F /* main.m */; };
		6433E3701C816D68003C9A4F /* AppDelegate.m in Sources */ = {isa = PBXBuildFile; fileRef = 6433E36F1C816D68003C9A4F /* AppDelegate.m */; };
		6433E3761C816D68003C9A4F /* Main.storyboard in Resources */ = {isa = PBXBuildFile; fileRef = 6433E3741C816D68003C9A4F /* Main.storyboard */; };
		6433E3781C816D68003C9A4F /* Assets.xcassets in Resources */ = {isa = PBXBuildFile; fileRef = 6433E3771C816D68003C9A4F /* Assets.xcassets */; };
		6433E37B1C816D68003C9A4F /* LaunchScreen.storyboard in Resources */ = {isa = PBXBuildFile; fileRef = 6433E3791C816D68003C9A4F /* LaunchScreen.storyboard */; };
		6433E3861C816D68003C9A4F /* DiagnosisTests.m in Sources */ = {isa = PBXBuildFile; fileRef = 6433E3851C816D68003C9A4F /* DiagnosisTests.m */; };
		6433E3911C816D68003C9A4F /* DiagnosisUITests.m in Sources */ = {isa = PBXBuildFile; fileRef = 6433E3901C816D68003C9A4F /* DiagnosisUITests.m */; };
		6433E3A01C81770D003C9A4F /* MenuViewController.m in Sources */ = {isa = PBXBuildFile; fileRef = 6433E39F1C81770D003C9A4F /* MenuViewController.m */; };
		6433E3A31C817752003C9A4F /* PersonalInfoViewController.m in Sources */ = {isa = PBXBuildFile; fileRef = 6433E3A21C817752003C9A4F /* PersonalInfoViewController.m */; };
		6433E3B21C8177EC003C9A4F /* TestResultViewController.m in Sources */ = {isa = PBXBuildFile; fileRef = 6433E3B11C8177EC003C9A4F /* TestResultViewController.m */; };
		6433E3BD1C817CED003C9A4F /* DLButton.m in Sources */ = {isa = PBXBuildFile; fileRef = 6433E3BC1C817CED003C9A4F /* DLButton.m */; };
		6433E3C11C81858A003C9A4F /* VaildationManager.m in Sources */ = {isa = PBXBuildFile; fileRef = 6433E3C01C81858A003C9A4F /* VaildationManager.m */; };
		6433E3C51C8185E5003C9A4F /* NSError+Response.m in Sources */ = {isa = PBXBuildFile; fileRef = 6433E3C41C8185E5003C9A4F /* NSError+Response.m */; };
		644CB9A71C8190C60021E46A /* QuestionViewController.m in Sources */ = {isa = PBXBuildFile; fileRef = 644CB9A61C8190C60021E46A /* QuestionViewController.m */; };
		644CB9AD1C8195560021E46A /* UIManager.m in Sources */ = {isa = PBXBuildFile; fileRef = 644CB9AC1C8195560021E46A /* UIManager.m */; };
		644CB9B21C819A230021E46A /* Test+CoreDataProperties.m in Sources */ = {isa = PBXBuildFile; fileRef = 644CB9AF1C819A230021E46A /* Test+CoreDataProperties.m */; };
		644CB9B31C819A230021E46A /* Test.m in Sources */ = {isa = PBXBuildFile; fileRef = 644CB9B11C819A230021E46A /* Test.m */; };
		644CB9B71C81AE770021E46A /* TestHistoryViewController.m in Sources */ = {isa = PBXBuildFile; fileRef = 644CB9B61C81AE770021E46A /* TestHistoryViewController.m */; };
		644CB9BA1C81AF6A0021E46A /* TestHistoryCell.m in Sources */ = {isa = PBXBuildFile; fileRef = 644CB9B91C81AF6A0021E46A /* TestHistoryCell.m */; };
		644CB9BD1C81C56B0021E46A /* BaseViewController.m in Sources */ = {isa = PBXBuildFile; fileRef = 644CB9BC1C81C56B0021E46A /* BaseViewController.m */; };
		644CB9C21C81D5420021E46A /* Disease+CoreDataProperties.m in Sources */ = {isa = PBXBuildFile; fileRef = 644CB9BF1C81D5420021E46A /* Disease+CoreDataProperties.m */; };
		644CB9C31C81D5420021E46A /* Disease.m in Sources */ = {isa = PBXBuildFile; fileRef = 644CB9C11C81D5420021E46A /* Disease.m */; };
		644CB9C51C81E9030021E46A /* DLCoreDataManager.m in Sources */ = {isa = PBXBuildFile; fileRef = 644CB9C41C81E9030021E46A /* DLCoreDataManager.m */; };
		CC88D51BB1A8079D7651D717 /* libPods-Diagnosis.a in Frameworks */ = {isa = PBXBuildFile; fileRef = C45DC3DDD988848A2D000B70 /* libPods-Diagnosis.a */; };
/* End PBXBuildFile section */

/* Begin PBXContainerItemProxy section */
		6433E3821C816D68003C9A4F /* PBXContainerItemProxy */ = {
			isa = PBXContainerItemProxy;
			containerPortal = 6433E3601C816D68003C9A4F /* Project object */;
			proxyType = 1;
			remoteGlobalIDString = 6433E3671C816D68003C9A4F;
			remoteInfo = Diagnosis;
		};
		6433E38D1C816D68003C9A4F /* PBXContainerItemProxy */ = {
			isa = PBXContainerItemProxy;
			containerPortal = 6433E3601C816D68003C9A4F /* Project object */;
			proxyType = 1;
			remoteGlobalIDString = 6433E3671C816D68003C9A4F;
			remoteInfo = Diagnosis;
		};
/* End PBXContainerItemProxy section */

/* Begin PBXFileReference section */
		028BB15D1C81928200A88B60 /* User+CoreDataProperties.h */ = {isa = PBXFileReference; fileEncoding = 4; lastKnownFileType = sourcecode.c.h; path = "User+CoreDataProperties.h"; sourceTree = "<group>"; };
		028BB15E1C81928200A88B60 /* User+CoreDataProperties.m */ = {isa = PBXFileReference; fileEncoding = 4; lastKnownFileType = sourcecode.c.objc; path = "User+CoreDataProperties.m"; sourceTree = "<group>"; };
		028BB15F1C81928200A88B60 /* User.h */ = {isa = PBXFileReference; fileEncoding = 4; lastKnownFileType = sourcecode.c.h; path = User.h; sourceTree = "<group>"; };
		028BB1601C81928200A88B60 /* User.m */ = {isa = PBXFileReference; fileEncoding = 4; lastKnownFileType = sourcecode.c.objc; path = User.m; sourceTree = "<group>"; };
		028BB1711C81981A00A88B60 /* Symptom+CoreDataProperties.h */ = {isa = PBXFileReference; fileEncoding = 4; lastKnownFileType = sourcecode.c.h; path = "Symptom+CoreDataProperties.h"; sourceTree = "<group>"; };
		028BB1721C81981A00A88B60 /* Symptom+CoreDataProperties.m */ = {isa = PBXFileReference; fileEncoding = 4; lastKnownFileType = sourcecode.c.objc; path = "Symptom+CoreDataProperties.m"; sourceTree = "<group>"; };
		028BB1731C81981A00A88B60 /* Symptom.h */ = {isa = PBXFileReference; fileEncoding = 4; lastKnownFileType = sourcecode.c.h; path = Symptom.h; sourceTree = "<group>"; };
		028BB1741C81981A00A88B60 /* Symptom.m */ = {isa = PBXFileReference; fileEncoding = 4; lastKnownFileType = sourcecode.c.objc; path = Symptom.m; sourceTree = "<group>"; };
		028BB1781C81D9CB00A88B60 /* RequestManager.h */ = {isa = PBXFileReference; fileEncoding = 4; lastKnownFileType = sourcecode.c.h; path = RequestManager.h; sourceTree = "<group>"; };
		028BB1791C81D9CB00A88B60 /* RequestManager.m */ = {isa = PBXFileReference; fileEncoding = 4; lastKnownFileType = sourcecode.c.objc; path = RequestManager.m; sourceTree = "<group>"; };
		028BB17B1C81DA8200A88B60 /* DLRequestManager.h */ = {isa = PBXFileReference; fileEncoding = 4; lastKnownFileType = sourcecode.c.h; path = DLRequestManager.h; sourceTree = "<group>"; };
		028BB17C1C81DA8200A88B60 /* DLRequestManager.m */ = {isa = PBXFileReference; fileEncoding = 4; lastKnownFileType = sourcecode.c.objc; path = DLRequestManager.m; sourceTree = "<group>"; };
		02F8A2CF1C81769300B0062E /* DiagnosticLabManager.h */ = {isa = PBXFileReference; fileEncoding = 4; lastKnownFileType = sourcecode.c.h; path = DiagnosticLabManager.h; sourceTree = "<group>"; };
		02F8A2D01C81769300B0062E /* DiagnosticLabManager.m */ = {isa = PBXFileReference; fileEncoding = 4; lastKnownFileType = sourcecode.c.objc; path = DiagnosticLabManager.m; sourceTree = "<group>"; };
		02F8A2D31C81794800B0062E /* DiagnosticLab.xcdatamodel */ = {isa = PBXFileReference; lastKnownFileType = wrapper.xcdatamodel; path = DiagnosticLab.xcdatamodel; sourceTree = "<group>"; };
		02F8A2D51C81798000B0062E /* DLCoreDataManager.h */ = {isa = PBXFileReference; fileEncoding = 4; lastKnownFileType = sourcecode.c.h; path = DLCoreDataManager.h; sourceTree = "<group>"; };
		4E9FA85601EB9C83FA07B39A /* Pods-DiagnosisTests.release.xcconfig */ = {isa = PBXFileReference; includeInIndex = 1; lastKnownFileType = text.xcconfig; name = "Pods-DiagnosisTests.release.xcconfig"; path = "Pods/Target Support Files/Pods-DiagnosisTests/Pods-DiagnosisTests.release.xcconfig"; sourceTree = "<group>"; };
		4FDD00DB31FCF542F9BCEBE5 /* libPods-DiagnosisTests.a */ = {isa = PBXFileReference; explicitFileType = archive.ar; includeInIndex = 0; path = "libPods-DiagnosisTests.a"; sourceTree = BUILT_PRODUCTS_DIR; };
		6433E3681C816D68003C9A4F /* Diagnosis.app */ = {isa = PBXFileReference; explicitFileType = wrapper.application; includeInIndex = 0; path = Diagnosis.app; sourceTree = BUILT_PRODUCTS_DIR; };
		6433E36C1C816D68003C9A4F /* main.m */ = {isa = PBXFileReference; lastKnownFileType = sourcecode.c.objc; path = main.m; sourceTree = "<group>"; };
		6433E36E1C816D68003C9A4F /* AppDelegate.h */ = {isa = PBXFileReference; lastKnownFileType = sourcecode.c.h; path = AppDelegate.h; sourceTree = "<group>"; };
		6433E36F1C816D68003C9A4F /* AppDelegate.m */ = {isa = PBXFileReference; lastKnownFileType = sourcecode.c.objc; path = AppDelegate.m; sourceTree = "<group>"; };
		6433E3751C816D68003C9A4F /* Base */ = {isa = PBXFileReference; lastKnownFileType = file.storyboard; name = Base; path = Base.lproj/Main.storyboard; sourceTree = "<group>"; };
		6433E3771C816D68003C9A4F /* Assets.xcassets */ = {isa = PBXFileReference; lastKnownFileType = folder.assetcatalog; path = Assets.xcassets; sourceTree = "<group>"; };
		6433E37A1C816D68003C9A4F /* Base */ = {isa = PBXFileReference; lastKnownFileType = file.storyboard; name = Base; path = Base.lproj/LaunchScreen.storyboard; sourceTree = "<group>"; };
		6433E37C1C816D68003C9A4F /* Info.plist */ = {isa = PBXFileReference; lastKnownFileType = text.plist.xml; path = Info.plist; sourceTree = "<group>"; };
		6433E3811C816D68003C9A4F /* DiagnosisTests.xctest */ = {isa = PBXFileReference; explicitFileType = wrapper.cfbundle; includeInIndex = 0; path = DiagnosisTests.xctest; sourceTree = BUILT_PRODUCTS_DIR; };
		6433E3851C816D68003C9A4F /* DiagnosisTests.m */ = {isa = PBXFileReference; lastKnownFileType = sourcecode.c.objc; path = DiagnosisTests.m; sourceTree = "<group>"; };
		6433E3871C816D68003C9A4F /* Info.plist */ = {isa = PBXFileReference; lastKnownFileType = text.plist.xml; path = Info.plist; sourceTree = "<group>"; };
		6433E38C1C816D68003C9A4F /* DiagnosisUITests.xctest */ = {isa = PBXFileReference; explicitFileType = wrapper.cfbundle; includeInIndex = 0; path = DiagnosisUITests.xctest; sourceTree = BUILT_PRODUCTS_DIR; };
		6433E3901C816D68003C9A4F /* DiagnosisUITests.m */ = {isa = PBXFileReference; lastKnownFileType = sourcecode.c.objc; path = DiagnosisUITests.m; sourceTree = "<group>"; };
		6433E3921C816D68003C9A4F /* Info.plist */ = {isa = PBXFileReference; lastKnownFileType = text.plist.xml; path = Info.plist; sourceTree = "<group>"; };
		6433E39E1C81770D003C9A4F /* MenuViewController.h */ = {isa = PBXFileReference; fileEncoding = 4; lastKnownFileType = sourcecode.c.h; path = MenuViewController.h; sourceTree = "<group>"; };
		6433E39F1C81770D003C9A4F /* MenuViewController.m */ = {isa = PBXFileReference; fileEncoding = 4; lastKnownFileType = sourcecode.c.objc; path = MenuViewController.m; sourceTree = "<group>"; };
		6433E3A11C817752003C9A4F /* PersonalInfoViewController.h */ = {isa = PBXFileReference; fileEncoding = 4; lastKnownFileType = sourcecode.c.h; path = PersonalInfoViewController.h; sourceTree = "<group>"; };
		6433E3A21C817752003C9A4F /* PersonalInfoViewController.m */ = {isa = PBXFileReference; fileEncoding = 4; lastKnownFileType = sourcecode.c.objc; path = PersonalInfoViewController.m; sourceTree = "<group>"; };
		6433E3B01C8177EC003C9A4F /* TestResultViewController.h */ = {isa = PBXFileReference; fileEncoding = 4; lastKnownFileType = sourcecode.c.h; path = TestResultViewController.h; sourceTree = "<group>"; };
		6433E3B11C8177EC003C9A4F /* TestResultViewController.m */ = {isa = PBXFileReference; fileEncoding = 4; lastKnownFileType = sourcecode.c.objc; path = TestResultViewController.m; sourceTree = "<group>"; };
		6433E3BB1C817CED003C9A4F /* DLButton.h */ = {isa = PBXFileReference; fileEncoding = 4; lastKnownFileType = sourcecode.c.h; path = DLButton.h; sourceTree = "<group>"; };
		6433E3BC1C817CED003C9A4F /* DLButton.m */ = {isa = PBXFileReference; fileEncoding = 4; lastKnownFileType = sourcecode.c.objc; path = DLButton.m; sourceTree = "<group>"; };
		6433E3BF1C81858A003C9A4F /* VaildationManager.h */ = {isa = PBXFileReference; fileEncoding = 4; lastKnownFileType = sourcecode.c.h; path = VaildationManager.h; sourceTree = "<group>"; };
		6433E3C01C81858A003C9A4F /* VaildationManager.m */ = {isa = PBXFileReference; fileEncoding = 4; lastKnownFileType = sourcecode.c.objc; path = VaildationManager.m; sourceTree = "<group>"; };
		6433E3C31C8185E5003C9A4F /* NSError+Response.h */ = {isa = PBXFileReference; fileEncoding = 4; lastKnownFileType = sourcecode.c.h; path = "NSError+Response.h"; sourceTree = "<group>"; };
		6433E3C41C8185E5003C9A4F /* NSError+Response.m */ = {isa = PBXFileReference; fileEncoding = 4; lastKnownFileType = sourcecode.c.objc; path = "NSError+Response.m"; sourceTree = "<group>"; };
		644CB9A51C8190C60021E46A /* QuestionViewController.h */ = {isa = PBXFileReference; fileEncoding = 4; lastKnownFileType = sourcecode.c.h; path = QuestionViewController.h; sourceTree = "<group>"; };
		644CB9A61C8190C60021E46A /* QuestionViewController.m */ = {isa = PBXFileReference; fileEncoding = 4; lastKnownFileType = sourcecode.c.objc; path = QuestionViewController.m; sourceTree = "<group>"; };
		644CB9AB1C8195560021E46A /* UIManager.h */ = {isa = PBXFileReference; fileEncoding = 4; lastKnownFileType = sourcecode.c.h; path = UIManager.h; sourceTree = "<group>"; };
		644CB9AC1C8195560021E46A /* UIManager.m */ = {isa = PBXFileReference; fileEncoding = 4; lastKnownFileType = sourcecode.c.objc; path = UIManager.m; sourceTree = "<group>"; };
		644CB9AE1C819A230021E46A /* Test+CoreDataProperties.h */ = {isa = PBXFileReference; fileEncoding = 4; lastKnownFileType = sourcecode.c.h; path = "Test+CoreDataProperties.h"; sourceTree = "<group>"; };
		644CB9AF1C819A230021E46A /* Test+CoreDataProperties.m */ = {isa = PBXFileReference; fileEncoding = 4; lastKnownFileType = sourcecode.c.objc; path = "Test+CoreDataProperties.m"; sourceTree = "<group>"; };
		644CB9B01C819A230021E46A /* Test.h */ = {isa = PBXFileReference; fileEncoding = 4; lastKnownFileType = sourcecode.c.h; path = Test.h; sourceTree = "<group>"; };
		644CB9B11C819A230021E46A /* Test.m */ = {isa = PBXFileReference; fileEncoding = 4; lastKnownFileType = sourcecode.c.objc; path = Test.m; sourceTree = "<group>"; };
		644CB9B51C81AE770021E46A /* TestHistoryViewController.h */ = {isa = PBXFileReference; fileEncoding = 4; lastKnownFileType = sourcecode.c.h; path = TestHistoryViewController.h; sourceTree = "<group>"; };
		644CB9B61C81AE770021E46A /* TestHistoryViewController.m */ = {isa = PBXFileReference; fileEncoding = 4; lastKnownFileType = sourcecode.c.objc; path = TestHistoryViewController.m; sourceTree = "<group>"; };
		644CB9B81C81AF6A0021E46A /* TestHistoryCell.h */ = {isa = PBXFileReference; fileEncoding = 4; lastKnownFileType = sourcecode.c.h; path = TestHistoryCell.h; sourceTree = "<group>"; };
		644CB9B91C81AF6A0021E46A /* TestHistoryCell.m */ = {isa = PBXFileReference; fileEncoding = 4; lastKnownFileType = sourcecode.c.objc; path = TestHistoryCell.m; sourceTree = "<group>"; };
		644CB9BB1C81C56B0021E46A /* BaseViewController.h */ = {isa = PBXFileReference; fileEncoding = 4; lastKnownFileType = sourcecode.c.h; path = BaseViewController.h; sourceTree = "<group>"; };
		644CB9BC1C81C56B0021E46A /* BaseViewController.m */ = {isa = PBXFileReference; fileEncoding = 4; lastKnownFileType = sourcecode.c.objc; path = BaseViewController.m; sourceTree = "<group>"; };
		644CB9BE1C81D5420021E46A /* Disease+CoreDataProperties.h */ = {isa = PBXFileReference; fileEncoding = 4; lastKnownFileType = sourcecode.c.h; path = "Disease+CoreDataProperties.h"; sourceTree = "<group>"; };
		644CB9BF1C81D5420021E46A /* Disease+CoreDataProperties.m */ = {isa = PBXFileReference; fileEncoding = 4; lastKnownFileType = sourcecode.c.objc; path = "Disease+CoreDataProperties.m"; sourceTree = "<group>"; };
		644CB9C01C81D5420021E46A /* Disease.h */ = {isa = PBXFileReference; fileEncoding = 4; lastKnownFileType = sourcecode.c.h; path = Disease.h; sourceTree = "<group>"; };
		644CB9C11C81D5420021E46A /* Disease.m */ = {isa = PBXFileReference; fileEncoding = 4; lastKnownFileType = sourcecode.c.objc; path = Disease.m; sourceTree = "<group>"; };
		644CB9C41C81E9030021E46A /* DLCoreDataManager.m */ = {isa = PBXFileReference; fileEncoding = 4; lastKnownFileType = sourcecode.c.objc; path = DLCoreDataManager.m; sourceTree = "<group>"; };
		6729092DCC41B878FBAEE836 /* Pods-Diagnosis.debug.xcconfig */ = {isa = PBXFileReference; includeInIndex = 1; lastKnownFileType = text.xcconfig; name = "Pods-Diagnosis.debug.xcconfig"; path = "Pods/Target Support Files/Pods-Diagnosis/Pods-Diagnosis.debug.xcconfig"; sourceTree = "<group>"; };
		BAF3534E3FFC12F5E92849DF /* Pods-DiagnosisTests.debug.xcconfig */ = {isa = PBXFileReference; includeInIndex = 1; lastKnownFileType = text.xcconfig; name = "Pods-DiagnosisTests.debug.xcconfig"; path = "Pods/Target Support Files/Pods-DiagnosisTests/Pods-DiagnosisTests.debug.xcconfig"; sourceTree = "<group>"; };
		C45DC3DDD988848A2D000B70 /* libPods-Diagnosis.a */ = {isa = PBXFileReference; explicitFileType = archive.ar; includeInIndex = 0; path = "libPods-Diagnosis.a"; sourceTree = BUILT_PRODUCTS_DIR; };
		FD5A349DE21C8A7008A6CC84 /* Pods-Diagnosis.release.xcconfig */ = {isa = PBXFileReference; includeInIndex = 1; lastKnownFileType = text.xcconfig; name = "Pods-Diagnosis.release.xcconfig"; path = "Pods/Target Support Files/Pods-Diagnosis/Pods-Diagnosis.release.xcconfig"; sourceTree = "<group>"; };
/* End PBXFileReference section */

/* Begin PBXFrameworksBuildPhase section */
		6433E3651C816D68003C9A4F /* Frameworks */ = {
			isa = PBXFrameworksBuildPhase;
			buildActionMask = 2147483647;
			files = (
				CC88D51BB1A8079D7651D717 /* libPods-Diagnosis.a in Frameworks */,
			);
			runOnlyForDeploymentPostprocessing = 0;
		};
		6433E37E1C816D68003C9A4F /* Frameworks */ = {
			isa = PBXFrameworksBuildPhase;
			buildActionMask = 2147483647;
			files = (
				5961663BE82890733B20290E /* libPods-DiagnosisTests.a in Frameworks */,
			);
			runOnlyForDeploymentPostprocessing = 0;
		};
		6433E3891C816D68003C9A4F /* Frameworks */ = {
			isa = PBXFrameworksBuildPhase;
			buildActionMask = 2147483647;
			files = (
			);
			runOnlyForDeploymentPostprocessing = 0;
		};
/* End PBXFrameworksBuildPhase section */

/* Begin PBXGroup section */
		028BB1771C81D8B800A88B60 /* Remote Manager */ = {
			isa = PBXGroup;
			children = (
				028BB17B1C81DA8200A88B60 /* DLRequestManager.h */,
				028BB17C1C81DA8200A88B60 /* DLRequestManager.m */,
				028BB1781C81D9CB00A88B60 /* RequestManager.h */,
				028BB1791C81D9CB00A88B60 /* RequestManager.m */,
			);
			name = "Remote Manager";
			sourceTree = "<group>";
		};
		02F8A2BE1C81711800B0062E /* Controller */ = {
			isa = PBXGroup;
			children = (
				6433E3741C816D68003C9A4F /* Main.storyboard */,
				644CB9BB1C81C56B0021E46A /* BaseViewController.h */,
				644CB9BC1C81C56B0021E46A /* BaseViewController.m */,
				6433E39E1C81770D003C9A4F /* MenuViewController.h */,
				6433E39F1C81770D003C9A4F /* MenuViewController.m */,
				6433E3A11C817752003C9A4F /* PersonalInfoViewController.h */,
				6433E3A21C817752003C9A4F /* PersonalInfoViewController.m */,
				6433E3B01C8177EC003C9A4F /* TestResultViewController.h */,
				6433E3B11C8177EC003C9A4F /* TestResultViewController.m */,
				644CB9A51C8190C60021E46A /* QuestionViewController.h */,
				644CB9A61C8190C60021E46A /* QuestionViewController.m */,
				644CB9B51C81AE770021E46A /* TestHistoryViewController.h */,
				644CB9B61C81AE770021E46A /* TestHistoryViewController.m */,
			);
			name = Controller;
			sourceTree = "<group>";
		};
		02F8A2BF1C81712100B0062E /* View */ = {
			isa = PBXGroup;
			children = (
				644CB9B41C81AE560021E46A /* Cell */,
				6433E3BA1C817CDA003C9A4F /* Custom Button */,
			);
			name = View;
			sourceTree = "<group>";
		};
		02F8A2C01C81712A00B0062E /* Model */ = {
			isa = PBXGroup;
			children = (
				02F8A2C21C81728B00B0062E /* DiagnosticKit */,
			);
			name = Model;
			sourceTree = "<group>";
		};
		02F8A2C11C81713600B0062E /* Resources */ = {
			isa = PBXGroup;
			children = (
				6433E3771C816D68003C9A4F /* Assets.xcassets */,
				6433E3791C816D68003C9A4F /* LaunchScreen.storyboard */,
				6433E37C1C816D68003C9A4F /* Info.plist */,
			);
			name = Resources;
			sourceTree = "<group>";
		};
		02F8A2C21C81728B00B0062E /* DiagnosticKit */ = {
			isa = PBXGroup;
			children = (
				02F8A2CF1C81769300B0062E /* DiagnosticLabManager.h */,
				02F8A2D01C81769300B0062E /* DiagnosticLabManager.m */,
				028BB1771C81D8B800A88B60 /* Remote Manager */,
				02F8A2E41C817C5A00B0062E /* Core Data Manager */,
			);
			name = DiagnosticKit;
			sourceTree = "<group>";
		};
		02F8A2E41C817C5A00B0062E /* Core Data Manager */ = {
			isa = PBXGroup;
			children = (
				02F8A2D51C81798000B0062E /* DLCoreDataManager.h */,
				644CB9C41C81E9030021E46A /* DLCoreDataManager.m */,
				02F8A2D21C81794800B0062E /* DiagnosticLab.xcdatamodeld */,
				02F8A2E51C817C7E00B0062E /* Objects */,
			);
			name = "Core Data Manager";
			sourceTree = "<group>";
		};
		02F8A2E51C817C7E00B0062E /* Objects */ = {
			isa = PBXGroup;
			children = (
				644CB9BE1C81D5420021E46A /* Disease+CoreDataProperties.h */,
				644CB9BF1C81D5420021E46A /* Disease+CoreDataProperties.m */,
				644CB9C01C81D5420021E46A /* Disease.h */,
				644CB9C11C81D5420021E46A /* Disease.m */,
				644CB9AE1C819A230021E46A /* Test+CoreDataProperties.h */,
				644CB9AF1C819A230021E46A /* Test+CoreDataProperties.m */,
				644CB9B01C819A230021E46A /* Test.h */,
				644CB9B11C819A230021E46A /* Test.m */,
				028BB1711C81981A00A88B60 /* Symptom+CoreDataProperties.h */,
				028BB1721C81981A00A88B60 /* Symptom+CoreDataProperties.m */,
				028BB1731C81981A00A88B60 /* Symptom.h */,
				028BB1741C81981A00A88B60 /* Symptom.m */,
				028BB15D1C81928200A88B60 /* User+CoreDataProperties.h */,
				028BB15E1C81928200A88B60 /* User+CoreDataProperties.m */,
				028BB15F1C81928200A88B60 /* User.h */,
				028BB1601C81928200A88B60 /* User.m */,
			);
			name = Objects;
			sourceTree = "<group>";
		};
		04FDCCE442D2655DDD77177B /* Pods */ = {
			isa = PBXGroup;
			children = (
				6729092DCC41B878FBAEE836 /* Pods-Diagnosis.debug.xcconfig */,
				FD5A349DE21C8A7008A6CC84 /* Pods-Diagnosis.release.xcconfig */,
				BAF3534E3FFC12F5E92849DF /* Pods-DiagnosisTests.debug.xcconfig */,
				4E9FA85601EB9C83FA07B39A /* Pods-DiagnosisTests.release.xcconfig */,
			);
			name = Pods;
			sourceTree = "<group>";
		};
		6433E35F1C816D68003C9A4F = {
			isa = PBXGroup;
			children = (
				6433E36A1C816D68003C9A4F /* Diagnosis */,
				6433E3841C816D68003C9A4F /* DiagnosisTests */,
				6433E38F1C816D68003C9A4F /* DiagnosisUITests */,
				6433E3691C816D68003C9A4F /* Products */,
				04FDCCE442D2655DDD77177B /* Pods */,
				A20FFA088F012662CB48A692 /* Frameworks */,
			);
			sourceTree = "<group>";
		};
		6433E3691C816D68003C9A4F /* Products */ = {
			isa = PBXGroup;
			children = (
				6433E3681C816D68003C9A4F /* Diagnosis.app */,
				6433E3811C816D68003C9A4F /* DiagnosisTests.xctest */,
				6433E38C1C816D68003C9A4F /* DiagnosisUITests.xctest */,
			);
			name = Products;
			sourceTree = "<group>";
		};
		6433E36A1C816D68003C9A4F /* Diagnosis */ = {
			isa = PBXGroup;
			children = (
				6433E3C21C8185DA003C9A4F /* Categories */,
				6433E3BE1C81854A003C9A4F /* Utility */,
				02F8A2C01C81712A00B0062E /* Model */,
				02F8A2BF1C81712100B0062E /* View */,
				02F8A2BE1C81711800B0062E /* Controller */,
				6433E36E1C816D68003C9A4F /* AppDelegate.h */,
				6433E36F1C816D68003C9A4F /* AppDelegate.m */,
				02F8A2C11C81713600B0062E /* Resources */,
				6433E36B1C816D68003C9A4F /* Supporting Files */,
			);
			path = Diagnosis;
			sourceTree = "<group>";
		};
		6433E36B1C816D68003C9A4F /* Supporting Files */ = {
			isa = PBXGroup;
			children = (
				6433E36C1C816D68003C9A4F /* main.m */,
			);
			name = "Supporting Files";
			sourceTree = "<group>";
		};
		6433E3841C816D68003C9A4F /* DiagnosisTests */ = {
			isa = PBXGroup;
			children = (
				6433E3851C816D68003C9A4F /* DiagnosisTests.m */,
				6433E3871C816D68003C9A4F /* Info.plist */,
			);
			path = DiagnosisTests;
			sourceTree = "<group>";
		};
		6433E38F1C816D68003C9A4F /* DiagnosisUITests */ = {
			isa = PBXGroup;
			children = (
				6433E3901C816D68003C9A4F /* DiagnosisUITests.m */,
				6433E3921C816D68003C9A4F /* Info.plist */,
			);
			path = DiagnosisUITests;
			sourceTree = "<group>";
		};
		6433E3BA1C817CDA003C9A4F /* Custom Button */ = {
			isa = PBXGroup;
			children = (
				6433E3BB1C817CED003C9A4F /* DLButton.h */,
				6433E3BC1C817CED003C9A4F /* DLButton.m */,
			);
			name = "Custom Button";
			sourceTree = "<group>";
		};
		6433E3BE1C81854A003C9A4F /* Utility */ = {
			isa = PBXGroup;
			children = (
				644CB9AB1C8195560021E46A /* UIManager.h */,
				644CB9AC1C8195560021E46A /* UIManager.m */,
				6433E3BF1C81858A003C9A4F /* VaildationManager.h */,
				6433E3C01C81858A003C9A4F /* VaildationManager.m */,
			);
			name = Utility;
			sourceTree = "<group>";
		};
		6433E3C21C8185DA003C9A4F /* Categories */ = {
			isa = PBXGroup;
			children = (
				6433E3C31C8185E5003C9A4F /* NSError+Response.h */,
				6433E3C41C8185E5003C9A4F /* NSError+Response.m */,
			);
			name = Categories;
			sourceTree = "<group>";
		};
		644CB9B41C81AE560021E46A /* Cell */ = {
			isa = PBXGroup;
			children = (
				644CB9B81C81AF6A0021E46A /* TestHistoryCell.h */,
				644CB9B91C81AF6A0021E46A /* TestHistoryCell.m */,
			);
			name = Cell;
			sourceTree = "<group>";
		};
		A20FFA088F012662CB48A692 /* Frameworks */ = {
			isa = PBXGroup;
			children = (
				C45DC3DDD988848A2D000B70 /* libPods-Diagnosis.a */,
				4FDD00DB31FCF542F9BCEBE5 /* libPods-DiagnosisTests.a */,
			);
			name = Frameworks;
			sourceTree = "<group>";
		};
/* End PBXGroup section */

/* Begin PBXNativeTarget section */
		6433E3671C816D68003C9A4F /* Diagnosis */ = {
			isa = PBXNativeTarget;
			buildConfigurationList = 6433E3951C816D68003C9A4F /* Build configuration list for PBXNativeTarget "Diagnosis" */;
			buildPhases = (
				C015EEDD4FC2055655BC7882 /* Check Pods Manifest.lock */,
				6433E3641C816D68003C9A4F /* Sources */,
				6433E3651C816D68003C9A4F /* Frameworks */,
				6433E3661C816D68003C9A4F /* Resources */,
				804ACE3DF9948FFFBD1F26DB /* Embed Pods Frameworks */,
				1075F02B7B6D775F3C9C1F0D /* Copy Pods Resources */,
			);
			buildRules = (
			);
			dependencies = (
			);
			name = Diagnosis;
			productName = Diagnosis;
			productReference = 6433E3681C816D68003C9A4F /* Diagnosis.app */;
			productType = "com.apple.product-type.application";
		};
		6433E3801C816D68003C9A4F /* DiagnosisTests */ = {
			isa = PBXNativeTarget;
			buildConfigurationList = 6433E3981C816D68003C9A4F /* Build configuration list for PBXNativeTarget "DiagnosisTests" */;
			buildPhases = (
				1EDD58EFA64BED673CFA2CF8 /* Check Pods Manifest.lock */,
				6433E37D1C816D68003C9A4F /* Sources */,
				6433E37E1C816D68003C9A4F /* Frameworks */,
				6433E37F1C816D68003C9A4F /* Resources */,
				9F5A2776984751F7B572D272 /* Embed Pods Frameworks */,
				E81E7CD9F95EDC1030B2A315 /* Copy Pods Resources */,
			);
			buildRules = (
			);
			dependencies = (
				6433E3831C816D68003C9A4F /* PBXTargetDependency */,
			);
			name = DiagnosisTests;
			productName = DiagnosisTests;
			productReference = 6433E3811C816D68003C9A4F /* DiagnosisTests.xctest */;
			productType = "com.apple.product-type.bundle.unit-test";
		};
		6433E38B1C816D68003C9A4F /* DiagnosisUITests */ = {
			isa = PBXNativeTarget;
			buildConfigurationList = 6433E39B1C816D68003C9A4F /* Build configuration list for PBXNativeTarget "DiagnosisUITests" */;
			buildPhases = (
				6433E3881C816D68003C9A4F /* Sources */,
				6433E3891C816D68003C9A4F /* Frameworks */,
				6433E38A1C816D68003C9A4F /* Resources */,
			);
			buildRules = (
			);
			dependencies = (
				6433E38E1C816D68003C9A4F /* PBXTargetDependency */,
			);
			name = DiagnosisUITests;
			productName = DiagnosisUITests;
			productReference = 6433E38C1C816D68003C9A4F /* DiagnosisUITests.xctest */;
			productType = "com.apple.product-type.bundle.ui-testing";
		};
/* End PBXNativeTarget section */

/* Begin PBXProject section */
		6433E3601C816D68003C9A4F /* Project object */ = {
			isa = PBXProject;
			attributes = {
				LastUpgradeCheck = 0720;
				ORGANIZATIONNAME = "Hrachya Stepanyan";
				TargetAttributes = {
					6433E3671C816D68003C9A4F = {
						CreatedOnToolsVersion = 7.2.1;
						DevelopmentTeam = 488Q3CW5NQ;
					};
					6433E3801C816D68003C9A4F = {
						CreatedOnToolsVersion = 7.2.1;
						DevelopmentTeam = 488Q3CW5NQ;
						TestTargetID = 6433E3671C816D68003C9A4F;
					};
					6433E38B1C816D68003C9A4F = {
						CreatedOnToolsVersion = 7.2.1;
						DevelopmentTeam = 488Q3CW5NQ;
						TestTargetID = 6433E3671C816D68003C9A4F;
					};
				};
			};
			buildConfigurationList = 6433E3631C816D68003C9A4F /* Build configuration list for PBXProject "Diagnosis" */;
			compatibilityVersion = "Xcode 3.2";
			developmentRegion = English;
			hasScannedForEncodings = 0;
			knownRegions = (
				en,
				Base,
			);
			mainGroup = 6433E35F1C816D68003C9A4F;
			productRefGroup = 6433E3691C816D68003C9A4F /* Products */;
			projectDirPath = "";
			projectRoot = "";
			targets = (
				6433E3671C816D68003C9A4F /* Diagnosis */,
				6433E3801C816D68003C9A4F /* DiagnosisTests */,
				6433E38B1C816D68003C9A4F /* DiagnosisUITests */,
			);
		};
/* End PBXProject section */

/* Begin PBXResourcesBuildPhase section */
		6433E3661C816D68003C9A4F /* Resources */ = {
			isa = PBXResourcesBuildPhase;
			buildActionMask = 2147483647;
			files = (
				6433E37B1C816D68003C9A4F /* LaunchScreen.storyboard in Resources */,
				6433E3781C816D68003C9A4F /* Assets.xcassets in Resources */,
				6433E3761C816D68003C9A4F /* Main.storyboard in Resources */,
			);
			runOnlyForDeploymentPostprocessing = 0;
		};
		6433E37F1C816D68003C9A4F /* Resources */ = {
			isa = PBXResourcesBuildPhase;
			buildActionMask = 2147483647;
			files = (
			);
			runOnlyForDeploymentPostprocessing = 0;
		};
		6433E38A1C816D68003C9A4F /* Resources */ = {
			isa = PBXResourcesBuildPhase;
			buildActionMask = 2147483647;
			files = (
			);
			runOnlyForDeploymentPostprocessing = 0;
		};
/* End PBXResourcesBuildPhase section */

/* Begin PBXShellScriptBuildPhase section */
		1075F02B7B6D775F3C9C1F0D /* Copy Pods Resources */ = {
			isa = PBXShellScriptBuildPhase;
			buildActionMask = 2147483647;
			files = (
			);
			inputPaths = (
			);
			name = "Copy Pods Resources";
			outputPaths = (
			);
			runOnlyForDeploymentPostprocessing = 0;
			shellPath = /bin/sh;
			shellScript = "\"${SRCROOT}/Pods/Target Support Files/Pods-Diagnosis/Pods-Diagnosis-resources.sh\"\n";
			showEnvVarsInLog = 0;
		};
		1EDD58EFA64BED673CFA2CF8 /* Check Pods Manifest.lock */ = {
			isa = PBXShellScriptBuildPhase;
			buildActionMask = 2147483647;
			files = (
			);
			inputPaths = (
			);
			name = "Check Pods Manifest.lock";
			outputPaths = (
			);
			runOnlyForDeploymentPostprocessing = 0;
			shellPath = /bin/sh;
			shellScript = "diff \"${PODS_ROOT}/../Podfile.lock\" \"${PODS_ROOT}/Manifest.lock\" > /dev/null\nif [[ $? != 0 ]] ; then\n    cat << EOM\nerror: The sandbox is not in sync with the Podfile.lock. Run 'pod install' or update your CocoaPods installation.\nEOM\n    exit 1\nfi\n";
			showEnvVarsInLog = 0;
		};
		804ACE3DF9948FFFBD1F26DB /* Embed Pods Frameworks */ = {
			isa = PBXShellScriptBuildPhase;
			buildActionMask = 2147483647;
			files = (
			);
			inputPaths = (
			);
			name = "Embed Pods Frameworks";
			outputPaths = (
			);
			runOnlyForDeploymentPostprocessing = 0;
			shellPath = /bin/sh;
			shellScript = "\"${SRCROOT}/Pods/Target Support Files/Pods-Diagnosis/Pods-Diagnosis-frameworks.sh\"\n";
			showEnvVarsInLog = 0;
		};
		9F5A2776984751F7B572D272 /* Embed Pods Frameworks */ = {
			isa = PBXShellScriptBuildPhase;
			buildActionMask = 2147483647;
			files = (
			);
			inputPaths = (
			);
			name = "Embed Pods Frameworks";
			outputPaths = (
			);
			runOnlyForDeploymentPostprocessing = 0;
			shellPath = /bin/sh;
			shellScript = "\"${SRCROOT}/Pods/Target Support Files/Pods-DiagnosisTests/Pods-DiagnosisTests-frameworks.sh\"\n";
			showEnvVarsInLog = 0;
		};
		C015EEDD4FC2055655BC7882 /* Check Pods Manifest.lock */ = {
			isa = PBXShellScriptBuildPhase;
			buildActionMask = 2147483647;
			files = (
			);
			inputPaths = (
			);
			name = "Check Pods Manifest.lock";
			outputPaths = (
			);
			runOnlyForDeploymentPostprocessing = 0;
			shellPath = /bin/sh;
			shellScript = "diff \"${PODS_ROOT}/../Podfile.lock\" \"${PODS_ROOT}/Manifest.lock\" > /dev/null\nif [[ $? != 0 ]] ; then\n    cat << EOM\nerror: The sandbox is not in sync with the Podfile.lock. Run 'pod install' or update your CocoaPods installation.\nEOM\n    exit 1\nfi\n";
			showEnvVarsInLog = 0;
		};
		E81E7CD9F95EDC1030B2A315 /* Copy Pods Resources */ = {
			isa = PBXShellScriptBuildPhase;
			buildActionMask = 2147483647;
			files = (
			);
			inputPaths = (
			);
			name = "Copy Pods Resources";
			outputPaths = (
			);
			runOnlyForDeploymentPostprocessing = 0;
			shellPath = /bin/sh;
			shellScript = "\"${SRCROOT}/Pods/Target Support Files/Pods-DiagnosisTests/Pods-DiagnosisTests-resources.sh\"\n";
			showEnvVarsInLog = 0;
		};
/* End PBXShellScriptBuildPhase section */

/* Begin PBXSourcesBuildPhase section */
		6433E3641C816D68003C9A4F /* Sources */ = {
			isa = PBXSourcesBuildPhase;
			buildActionMask = 2147483647;
			files = (
				028BB16C1C81928200A88B60 /* User.m in Sources */,
				644CB9BD1C81C56B0021E46A /* BaseViewController.m in Sources */,
				644CB9C31C81D5420021E46A /* Disease.m in Sources */,
				644CB9AD1C8195560021E46A /* UIManager.m in Sources */,
				644CB9B71C81AE770021E46A /* TestHistoryViewController.m in Sources */,
				02F8A2D11C81769300B0062E /* DiagnosticLabManager.m in Sources */,
				028BB1761C81981A00A88B60 /* Symptom.m in Sources */,
				6433E3C11C81858A003C9A4F /* VaildationManager.m in Sources */,
				02F8A2D41C81794800B0062E /* DiagnosticLab.xcdatamodeld in Sources */,
				644CB9A71C8190C60021E46A /* QuestionViewController.m in Sources */,
				6433E3B21C8177EC003C9A4F /* TestResultViewController.m in Sources */,
				028BB17D1C81DA8200A88B60 /* DLRequestManager.m in Sources */,
				028BB1751C81981A00A88B60 /* Symptom+CoreDataProperties.m in Sources */,
				644CB9B31C819A230021E46A /* Test.m in Sources */,
				644CB9BA1C81AF6A0021E46A /* TestHistoryCell.m in Sources */,
				6433E3701C816D68003C9A4F /* AppDelegate.m in Sources */,
				644CB9C51C81E9030021E46A /* DLCoreDataManager.m in Sources */,
				6433E36D1C816D68003C9A4F /* main.m in Sources */,
				028BB16B1C81928200A88B60 /* User+CoreDataProperties.m in Sources */,
				6433E3A31C817752003C9A4F /* PersonalInfoViewController.m in Sources */,
				6433E3C51C8185E5003C9A4F /* NSError+Response.m in Sources */,
				028BB17A1C81D9CB00A88B60 /* RequestManager.m in Sources */,
				6433E3BD1C817CED003C9A4F /* DLButton.m in Sources */,
				644CB9C21C81D5420021E46A /* Disease+CoreDataProperties.m in Sources */,
				6433E3A01C81770D003C9A4F /* MenuViewController.m in Sources */,
				644CB9B21C819A230021E46A /* Test+CoreDataProperties.m in Sources */,
			);
			runOnlyForDeploymentPostprocessing = 0;
		};
		6433E37D1C816D68003C9A4F /* Sources */ = {
			isa = PBXSourcesBuildPhase;
			buildActionMask = 2147483647;
			files = (
				6433E3861C816D68003C9A4F /* DiagnosisTests.m in Sources */,
				02F8A2E61C8183D300B0062E /* DiagnosticLab.xcdatamodeld in Sources */,
			);
			runOnlyForDeploymentPostprocessing = 0;
		};
		6433E3881C816D68003C9A4F /* Sources */ = {
			isa = PBXSourcesBuildPhase;
			buildActionMask = 2147483647;
			files = (
				6433E3911C816D68003C9A4F /* DiagnosisUITests.m in Sources */,
			);
			runOnlyForDeploymentPostprocessing = 0;
		};
/* End PBXSourcesBuildPhase section */

/* Begin PBXTargetDependency section */
		6433E3831C816D68003C9A4F /* PBXTargetDependency */ = {
			isa = PBXTargetDependency;
			target = 6433E3671C816D68003C9A4F /* Diagnosis */;
			targetProxy = 6433E3821C816D68003C9A4F /* PBXContainerItemProxy */;
		};
		6433E38E1C816D68003C9A4F /* PBXTargetDependency */ = {
			isa = PBXTargetDependency;
			target = 6433E3671C816D68003C9A4F /* Diagnosis */;
			targetProxy = 6433E38D1C816D68003C9A4F /* PBXContainerItemProxy */;
		};
/* End PBXTargetDependency section */

/* Begin PBXVariantGroup section */
		6433E3741C816D68003C9A4F /* Main.storyboard */ = {
			isa = PBXVariantGroup;
			children = (
				6433E3751C816D68003C9A4F /* Base */,
			);
			name = Main.storyboard;
			sourceTree = "<group>";
		};
		6433E3791C816D68003C9A4F /* LaunchScreen.storyboard */ = {
			isa = PBXVariantGroup;
			children = (
				6433E37A1C816D68003C9A4F /* Base */,
			);
			name = LaunchScreen.storyboard;
			sourceTree = "<group>";
		};
/* End PBXVariantGroup section */

/* Begin XCBuildConfiguration section */
		6433E3931C816D68003C9A4F /* Debug */ = {
			isa = XCBuildConfiguration;
			buildSettings = {
				ALWAYS_SEARCH_USER_PATHS = NO;
				CLANG_CXX_LANGUAGE_STANDARD = "gnu++0x";
				CLANG_CXX_LIBRARY = "libc++";
				CLANG_ENABLE_MODULES = YES;
				CLANG_ENABLE_OBJC_ARC = YES;
				CLANG_WARN_BOOL_CONVERSION = YES;
				CLANG_WARN_CONSTANT_CONVERSION = YES;
				CLANG_WARN_DIRECT_OBJC_ISA_USAGE = YES_ERROR;
				CLANG_WARN_EMPTY_BODY = YES;
				CLANG_WARN_ENUM_CONVERSION = YES;
				CLANG_WARN_INT_CONVERSION = YES;
				CLANG_WARN_OBJC_ROOT_CLASS = YES_ERROR;
				CLANG_WARN_UNREACHABLE_CODE = YES;
				CLANG_WARN__DUPLICATE_METHOD_MATCH = YES;
				"CODE_SIGN_IDENTITY[sdk=iphoneos*]" = "iPhone Developer";
				COPY_PHASE_STRIP = NO;
				DEBUG_INFORMATION_FORMAT = dwarf;
				ENABLE_STRICT_OBJC_MSGSEND = YES;
				ENABLE_TESTABILITY = YES;
				GCC_C_LANGUAGE_STANDARD = gnu99;
				GCC_DYNAMIC_NO_PIC = NO;
				GCC_NO_COMMON_BLOCKS = YES;
				GCC_OPTIMIZATION_LEVEL = 0;
				GCC_PREPROCESSOR_DEFINITIONS = (
					"DEBUG=1",
					"$(inherited)",
				);
				GCC_WARN_64_TO_32_BIT_CONVERSION = YES;
				GCC_WARN_ABOUT_RETURN_TYPE = YES_ERROR;
				GCC_WARN_UNDECLARED_SELECTOR = YES;
				GCC_WARN_UNINITIALIZED_AUTOS = YES_AGGRESSIVE;
				GCC_WARN_UNUSED_FUNCTION = YES;
				GCC_WARN_UNUSED_VARIABLE = YES;
				IPHONEOS_DEPLOYMENT_TARGET = 9.2;
				MTL_ENABLE_DEBUG_INFO = YES;
				ONLY_ACTIVE_ARCH = YES;
				SDKROOT = iphoneos;
				TARGETED_DEVICE_FAMILY = "1,2";
			};
			name = Debug;
		};
		6433E3941C816D68003C9A4F /* Release */ = {
			isa = XCBuildConfiguration;
			buildSettings = {
				ALWAYS_SEARCH_USER_PATHS = NO;
				CLANG_CXX_LANGUAGE_STANDARD = "gnu++0x";
				CLANG_CXX_LIBRARY = "libc++";
				CLANG_ENABLE_MODULES = YES;
				CLANG_ENABLE_OBJC_ARC = YES;
				CLANG_WARN_BOOL_CONVERSION = YES;
				CLANG_WARN_CONSTANT_CONVERSION = YES;
				CLANG_WARN_DIRECT_OBJC_ISA_USAGE = YES_ERROR;
				CLANG_WARN_EMPTY_BODY = YES;
				CLANG_WARN_ENUM_CONVERSION = YES;
				CLANG_WARN_INT_CONVERSION = YES;
				CLANG_WARN_OBJC_ROOT_CLASS = YES_ERROR;
				CLANG_WARN_UNREACHABLE_CODE = YES;
				CLANG_WARN__DUPLICATE_METHOD_MATCH = YES;
				"CODE_SIGN_IDENTITY[sdk=iphoneos*]" = "iPhone Developer";
				COPY_PHASE_STRIP = NO;
				DEBUG_INFORMATION_FORMAT = "dwarf-with-dsym";
				ENABLE_NS_ASSERTIONS = NO;
				ENABLE_STRICT_OBJC_MSGSEND = YES;
				GCC_C_LANGUAGE_STANDARD = gnu99;
				GCC_NO_COMMON_BLOCKS = YES;
				GCC_WARN_64_TO_32_BIT_CONVERSION = YES;
				GCC_WARN_ABOUT_RETURN_TYPE = YES_ERROR;
				GCC_WARN_UNDECLARED_SELECTOR = YES;
				GCC_WARN_UNINITIALIZED_AUTOS = YES_AGGRESSIVE;
				GCC_WARN_UNUSED_FUNCTION = YES;
				GCC_WARN_UNUSED_VARIABLE = YES;
				IPHONEOS_DEPLOYMENT_TARGET = 9.2;
				MTL_ENABLE_DEBUG_INFO = NO;
				SDKROOT = iphoneos;
				TARGETED_DEVICE_FAMILY = "1,2";
				VALIDATE_PRODUCT = YES;
			};
			name = Release;
		};
		6433E3961C816D68003C9A4F /* Debug */ = {
			isa = XCBuildConfiguration;
			baseConfigurationReference = 6729092DCC41B878FBAEE836 /* Pods-Diagnosis.debug.xcconfig */;
			buildSettings = {
				ASSETCATALOG_COMPILER_APPICON_NAME = AppIcon;
				INFOPLIST_FILE = Diagnosis/Info.plist;
				IPHONEOS_DEPLOYMENT_TARGET = 8.0;
				LD_RUNPATH_SEARCH_PATHS = "$(inherited) @executable_path/Frameworks";
				PRODUCT_BUNDLE_IDENTIFIER = com.softsun.Diagnosis;
				PRODUCT_NAME = "$(TARGET_NAME)";
			};
			name = Debug;
		};
		6433E3971C816D68003C9A4F /* Release */ = {
			isa = XCBuildConfiguration;
			baseConfigurationReference = FD5A349DE21C8A7008A6CC84 /* Pods-Diagnosis.release.xcconfig */;
			buildSettings = {
				ASSETCATALOG_COMPILER_APPICON_NAME = AppIcon;
				INFOPLIST_FILE = Diagnosis/Info.plist;
				IPHONEOS_DEPLOYMENT_TARGET = 8.0;
				LD_RUNPATH_SEARCH_PATHS = "$(inherited) @executable_path/Frameworks";
				PRODUCT_BUNDLE_IDENTIFIER = com.softsun.Diagnosis;
				PRODUCT_NAME = "$(TARGET_NAME)";
			};
			name = Release;
		};
		6433E3991C816D68003C9A4F /* Debug */ = {
			isa = XCBuildConfiguration;
			baseConfigurationReference = BAF3534E3FFC12F5E92849DF /* Pods-DiagnosisTests.debug.xcconfig */;
			buildSettings = {
				BUNDLE_LOADER = "$(TEST_HOST)";
				INFOPLIST_FILE = DiagnosisTests/Info.plist;
				LD_RUNPATH_SEARCH_PATHS = "$(inherited) @executable_path/Frameworks @loader_path/Frameworks";
				PRODUCT_BUNDLE_IDENTIFIER = com.softsun.DiagnosisTests;
				PRODUCT_NAME = "$(TARGET_NAME)";
				TEST_HOST = "$(BUILT_PRODUCTS_DIR)/Diagnosis.app/Diagnosis";
			};
			name = Debug;
		};
		6433E39A1C816D68003C9A4F /* Release */ = {
			isa = XCBuildConfiguration;
			baseConfigurationReference = 4E9FA85601EB9C83FA07B39A /* Pods-DiagnosisTests.release.xcconfig */;
			buildSettings = {
				BUNDLE_LOADER = "$(TEST_HOST)";
				INFOPLIST_FILE = DiagnosisTests/Info.plist;
				LD_RUNPATH_SEARCH_PATHS = "$(inherited) @executable_path/Frameworks @loader_path/Frameworks";
				PRODUCT_BUNDLE_IDENTIFIER = com.softsun.DiagnosisTests;
				PRODUCT_NAME = "$(TARGET_NAME)";
				TEST_HOST = "$(BUILT_PRODUCTS_DIR)/Diagnosis.app/Diagnosis";
			};
			name = Release;
		};
		6433E39C1C816D68003C9A4F /* Debug */ = {
			isa = XCBuildConfiguration;
			buildSettings = {
				INFOPLIST_FILE = DiagnosisUITests/Info.plist;
				LD_RUNPATH_SEARCH_PATHS = "$(inherited) @executable_path/Frameworks @loader_path/Frameworks";
				PRODUCT_BUNDLE_IDENTIFIER = com.softsun.DiagnosisUITests;
				PRODUCT_NAME = "$(TARGET_NAME)";
				TEST_TARGET_NAME = Diagnosis;
				USES_XCTRUNNER = YES;
			};
			name = Debug;
		};
		6433E39D1C816D68003C9A4F /* Release */ = {
			isa = XCBuildConfiguration;
			buildSettings = {
				INFOPLIST_FILE = DiagnosisUITests/Info.plist;
				LD_RUNPATH_SEARCH_PATHS = "$(inherited) @executable_path/Frameworks @loader_path/Frameworks";
				PRODUCT_BUNDLE_IDENTIFIER = com.softsun.DiagnosisUITests;
				PRODUCT_NAME = "$(TARGET_NAME)";
				TEST_TARGET_NAME = Diagnosis;
				USES_XCTRUNNER = YES;
			};
			name = Release;
		};
/* End XCBuildConfiguration section */

/* Begin XCConfigurationList section */
		6433E3631C816D68003C9A4F /* Build configuration list for PBXProject "Diagnosis" */ = {
			isa = XCConfigurationList;
			buildConfigurations = (
				6433E3931C816D68003C9A4F /* Debug */,
				6433E3941C816D68003C9A4F /* Release */,
			);
			defaultConfigurationIsVisible = 0;
			defaultConfigurationName = Release;
		};
		6433E3951C816D68003C9A4F /* Build configuration list for PBXNativeTarget "Diagnosis" */ = {
			isa = XCConfigurationList;
			buildConfigurations = (
				6433E3961C816D68003C9A4F /* Debug */,
				6433E3971C816D68003C9A4F /* Release */,
			);
			defaultConfigurationIsVisible = 0;
			defaultConfigurationName = Release;
		};
		6433E3981C816D68003C9A4F /* Build configuration list for PBXNativeTarget "DiagnosisTests" */ = {
			isa = XCConfigurationList;
			buildConfigurations = (
				6433E3991C816D68003C9A4F /* Debug */,
				6433E39A1C816D68003C9A4F /* Release */,
			);
			defaultConfigurationIsVisible = 0;
			defaultConfigurationName = Release;
		};
		6433E39B1C816D68003C9A4F /* Build configuration list for PBXNativeTarget "DiagnosisUITests" */ = {
			isa = XCConfigurationList;
			buildConfigurations = (
				6433E39C1C816D68003C9A4F /* Debug */,
				6433E39D1C816D68003C9A4F /* Release */,
			);
			defaultConfigurationIsVisible = 0;
			defaultConfigurationName = Release;
		};
/* End XCConfigurationList section */

/* Begin XCVersionGroup section */
		02F8A2D21C81794800B0062E /* DiagnosticLab.xcdatamodeld */ = {
			isa = XCVersionGroup;
			children = (
				02F8A2D31C81794800B0062E /* DiagnosticLab.xcdatamodel */,
			);
			currentVersion = 02F8A2D31C81794800B0062E /* DiagnosticLab.xcdatamodel */;
			path = DiagnosticLab.xcdatamodeld;
			sourceTree = "<group>";
			versionGroupType = wrapper.xcdatamodel;
		};
/* End XCVersionGroup section */
	};
	rootObject = 6433E3601C816D68003C9A4F /* Project object */;
}
